// !$*UTF8*$!
{
	archiveVersion = 1;
	classes = {
	};
	objectVersion = 50;
	objects = {

/* Begin PBXBuildFile section */
		FC8394CC261D42DE0093D569 /* AppDelegate.swift in Sources */ = {isa = PBXBuildFile; fileRef = FC8394CB261D42DE0093D569 /* AppDelegate.swift */; };
		FC8394CE261D42DE0093D569 /* SceneDelegate.swift in Sources */ = {isa = PBXBuildFile; fileRef = FC8394CD261D42DE0093D569 /* SceneDelegate.swift */; };
		FC8394D0261D42DE0093D569 /* IntroViewController.swift in Sources */ = {isa = PBXBuildFile; fileRef = FC8394CF261D42DE0093D569 /* IntroViewController.swift */; };
		FC8394D3261D42DE0093D569 /* Main.storyboard in Resources */ = {isa = PBXBuildFile; fileRef = FC8394D1261D42DE0093D569 /* Main.storyboard */; };
		FC8394D5261D42E00093D569 /* Assets.xcassets in Resources */ = {isa = PBXBuildFile; fileRef = FC8394D4261D42E00093D569 /* Assets.xcassets */; };
		FC8394D8261D42E00093D569 /* LaunchScreen.storyboard in Resources */ = {isa = PBXBuildFile; fileRef = FC8394D6261D42E00093D569 /* LaunchScreen.storyboard */; };
		FC8394E3261D42E00093D569 /* PersonalityQuizTests.swift in Sources */ = {isa = PBXBuildFile; fileRef = FC8394E2261D42E00093D569 /* PersonalityQuizTests.swift */; };
		FC8394EE261D42E00093D569 /* PersonalityQuizUITests.swift in Sources */ = {isa = PBXBuildFile; fileRef = FC8394ED261D42E00093D569 /* PersonalityQuizUITests.swift */; };
		FC8394FF261D52EA0093D569 /* QuestionViewController.swift in Sources */ = {isa = PBXBuildFile; fileRef = FC8394FE261D52EA0093D569 /* QuestionViewController.swift */; };
		FC839504261D53980093D569 /* ResultsViewController.swift in Sources */ = {isa = PBXBuildFile; fileRef = FC839503261D53980093D569 /* ResultsViewController.swift */; };
		FC83950C261D61550093D569 /* QuestionData.swift in Sources */ = {isa = PBXBuildFile; fileRef = FC83950B261D61550093D569 /* QuestionData.swift */; };
/* End PBXBuildFile section */

/* Begin PBXContainerItemProxy section */
		FC8394DF261D42E00093D569 /* PBXContainerItemProxy */ = {
			isa = PBXContainerItemProxy;
			containerPortal = FC8394C0261D42DE0093D569 /* Project object */;
			proxyType = 1;
			remoteGlobalIDString = FC8394C7261D42DE0093D569;
			remoteInfo = PersonalityQuiz;
		};
		FC8394EA261D42E00093D569 /* PBXContainerItemProxy */ = {
			isa = PBXContainerItemProxy;
			containerPortal = FC8394C0261D42DE0093D569 /* Project object */;
			proxyType = 1;
			remoteGlobalIDString = FC8394C7261D42DE0093D569;
			remoteInfo = PersonalityQuiz;
		};
/* End PBXContainerItemProxy section */

/* Begin PBXFileReference section */
		FC8394C8261D42DE0093D569 /* PersonalityQuiz.app */ = {isa = PBXFileReference; explicitFileType = wrapper.application; includeInIndex = 0; path = PersonalityQuiz.app; sourceTree = BUILT_PRODUCTS_DIR; };
		FC8394CB261D42DE0093D569 /* AppDelegate.swift */ = {isa = PBXFileReference; lastKnownFileType = sourcecode.swift; path = AppDelegate.swift; sourceTree = "<group>"; };
		FC8394CD261D42DE0093D569 /* SceneDelegate.swift */ = {isa = PBXFileReference; lastKnownFileType = sourcecode.swift; path = SceneDelegate.swift; sourceTree = "<group>"; };
		FC8394CF261D42DE0093D569 /* IntroViewController.swift */ = {isa = PBXFileReference; lastKnownFileType = sourcecode.swift; path = IntroViewController.swift; sourceTree = "<group>"; };
		FC8394D2261D42DE0093D569 /* Base */ = {isa = PBXFileReference; lastKnownFileType = file.storyboard; name = Base; path = Base.lproj/Main.storyboard; sourceTree = "<group>"; };
		FC8394D4261D42E00093D569 /* Assets.xcassets */ = {isa = PBXFileReference; lastKnownFileType = folder.assetcatalog; path = Assets.xcassets; sourceTree = "<group>"; };
		FC8394D7261D42E00093D569 /* Base */ = {isa = PBXFileReference; lastKnownFileType = file.storyboard; name = Base; path = Base.lproj/LaunchScreen.storyboard; sourceTree = "<group>"; };
		FC8394D9261D42E00093D569 /* Info.plist */ = {isa = PBXFileReference; lastKnownFileType = text.plist.xml; path = Info.plist; sourceTree = "<group>"; };
		FC8394DE261D42E00093D569 /* PersonalityQuizTests.xctest */ = {isa = PBXFileReference; explicitFileType = wrapper.cfbundle; includeInIndex = 0; path = PersonalityQuizTests.xctest; sourceTree = BUILT_PRODUCTS_DIR; };
		FC8394E2261D42E00093D569 /* PersonalityQuizTests.swift */ = {isa = PBXFileReference; lastKnownFileType = sourcecode.swift; path = PersonalityQuizTests.swift; sourceTree = "<group>"; };
		FC8394E4261D42E00093D569 /* Info.plist */ = {isa = PBXFileReference; lastKnownFileType = text.plist.xml; path = Info.plist; sourceTree = "<group>"; };
		FC8394E9261D42E00093D569 /* PersonalityQuizUITests.xctest */ = {isa = PBXFileReference; explicitFileType = wrapper.cfbundle; includeInIndex = 0; path = PersonalityQuizUITests.xctest; sourceTree = BUILT_PRODUCTS_DIR; };
		FC8394ED261D42E00093D569 /* PersonalityQuizUITests.swift */ = {isa = PBXFileReference; lastKnownFileType = sourcecode.swift; path = PersonalityQuizUITests.swift; sourceTree = "<group>"; };
		FC8394EF261D42E00093D569 /* Info.plist */ = {isa = PBXFileReference; lastKnownFileType = text.plist.xml; path = Info.plist; sourceTree = "<group>"; };
		FC8394FE261D52EA0093D569 /* QuestionViewController.swift */ = {isa = PBXFileReference; lastKnownFileType = sourcecode.swift; path = QuestionViewController.swift; sourceTree = "<group>"; };
		FC839503261D53980093D569 /* ResultsViewController.swift */ = {isa = PBXFileReference; lastKnownFileType = sourcecode.swift; path = ResultsViewController.swift; sourceTree = "<group>"; };
		FC83950B261D61550093D569 /* QuestionData.swift */ = {isa = PBXFileReference; lastKnownFileType = sourcecode.swift; path = QuestionData.swift; sourceTree = "<group>"; };
/* End PBXFileReference section */

/* Begin PBXFrameworksBuildPhase section */
		FC8394C5261D42DE0093D569 /* Frameworks */ = {
			isa = PBXFrameworksBuildPhase;
			buildActionMask = 2147483647;
			files = (
			);
			runOnlyForDeploymentPostprocessing = 0;
		};
		FC8394DB261D42E00093D569 /* Frameworks */ = {
			isa = PBXFrameworksBuildPhase;
			buildActionMask = 2147483647;
			files = (
			);
			runOnlyForDeploymentPostprocessing = 0;
		};
		FC8394E6261D42E00093D569 /* Frameworks */ = {
			isa = PBXFrameworksBuildPhase;
			buildActionMask = 2147483647;
			files = (
			);
			runOnlyForDeploymentPostprocessing = 0;
		};
/* End PBXFrameworksBuildPhase section */

/* Begin PBXGroup section */
		FC8394BF261D42DE0093D569 = {
			isa = PBXGroup;
			children = (
				FC8394CA261D42DE0093D569 /* PersonalityQuiz */,
				FC8394E1261D42E00093D569 /* PersonalityQuizTests */,
				FC8394EC261D42E00093D569 /* PersonalityQuizUITests */,
				FC8394C9261D42DE0093D569 /* Products */,
			);
			sourceTree = "<group>";
		};
		FC8394C9261D42DE0093D569 /* Products */ = {
			isa = PBXGroup;
			children = (
				FC8394C8261D42DE0093D569 /* PersonalityQuiz.app */,
				FC8394DE261D42E00093D569 /* PersonalityQuizTests.xctest */,
				FC8394E9261D42E00093D569 /* PersonalityQuizUITests.xctest */,
			);
			name = Products;
			sourceTree = "<group>";
		};
		FC8394CA261D42DE0093D569 /* PersonalityQuiz */ = {
			isa = PBXGroup;
			children = (
				FC8394CB261D42DE0093D569 /* AppDelegate.swift */,
				FC8394CD261D42DE0093D569 /* SceneDelegate.swift */,
				FC8394CF261D42DE0093D569 /* IntroViewController.swift */,
				FC8394D1261D42DE0093D569 /* Main.storyboard */,
				FC8394D4261D42E00093D569 /* Assets.xcassets */,
				FC8394D6261D42E00093D569 /* LaunchScreen.storyboard */,
				FC8394D9261D42E00093D569 /* Info.plist */,
				FC8394FE261D52EA0093D569 /* QuestionViewController.swift */,
				FC839503261D53980093D569 /* ResultsViewController.swift */,
				FC83950B261D61550093D569 /* QuestionData.swift */,
			);
			path = PersonalityQuiz;
			sourceTree = "<group>";
		};
		FC8394E1261D42E00093D569 /* PersonalityQuizTests */ = {
			isa = PBXGroup;
			children = (
				FC8394E2261D42E00093D569 /* PersonalityQuizTests.swift */,
				FC8394E4261D42E00093D569 /* Info.plist */,
			);
			path = PersonalityQuizTests;
			sourceTree = "<group>";
		};
		FC8394EC261D42E00093D569 /* PersonalityQuizUITests */ = {
			isa = PBXGroup;
			children = (
				FC8394ED261D42E00093D569 /* PersonalityQuizUITests.swift */,
				FC8394EF261D42E00093D569 /* Info.plist */,
			);
			path = PersonalityQuizUITests;
			sourceTree = "<group>";
		};
/* End PBXGroup section */

/* Begin PBXNativeTarget section */
		FC8394C7261D42DE0093D569 /* PersonalityQuiz */ = {
			isa = PBXNativeTarget;
			buildConfigurationList = FC8394F2261D42E00093D569 /* Build configuration list for PBXNativeTarget "PersonalityQuiz" */;
			buildPhases = (
				FC8394C4261D42DE0093D569 /* Sources */,
				FC8394C5261D42DE0093D569 /* Frameworks */,
				FC8394C6261D42DE0093D569 /* Resources */,
			);
			buildRules = (
			);
			dependencies = (
			);
			name = PersonalityQuiz;
			productName = PersonalityQuiz;
			productReference = FC8394C8261D42DE0093D569 /* PersonalityQuiz.app */;
			productType = "com.apple.product-type.application";
		};
		FC8394DD261D42E00093D569 /* PersonalityQuizTests */ = {
			isa = PBXNativeTarget;
			buildConfigurationList = FC8394F5261D42E00093D569 /* Build configuration list for PBXNativeTarget "PersonalityQuizTests" */;
			buildPhases = (
				FC8394DA261D42E00093D569 /* Sources */,
				FC8394DB261D42E00093D569 /* Frameworks */,
				FC8394DC261D42E00093D569 /* Resources */,
			);
			buildRules = (
			);
			dependencies = (
				FC8394E0261D42E00093D569 /* PBXTargetDependency */,
			);
			name = PersonalityQuizTests;
			productName = PersonalityQuizTests;
			productReference = FC8394DE261D42E00093D569 /* PersonalityQuizTests.xctest */;
			productType = "com.apple.product-type.bundle.unit-test";
		};
		FC8394E8261D42E00093D569 /* PersonalityQuizUITests */ = {
			isa = PBXNativeTarget;
			buildConfigurationList = FC8394F8261D42E00093D569 /* Build configuration list for PBXNativeTarget "PersonalityQuizUITests" */;
			buildPhases = (
				FC8394E5261D42E00093D569 /* Sources */,
				FC8394E6261D42E00093D569 /* Frameworks */,
				FC8394E7261D42E00093D569 /* Resources */,
			);
			buildRules = (
			);
			dependencies = (
				FC8394EB261D42E00093D569 /* PBXTargetDependency */,
			);
			name = PersonalityQuizUITests;
			productName = PersonalityQuizUITests;
			productReference = FC8394E9261D42E00093D569 /* PersonalityQuizUITests.xctest */;
			productType = "com.apple.product-type.bundle.ui-testing";
		};
/* End PBXNativeTarget section */

/* Begin PBXProject section */
		FC8394C0261D42DE0093D569 /* Project object */ = {
			isa = PBXProject;
			attributes = {
				LastSwiftUpdateCheck = 1230;
				LastUpgradeCheck = 1230;
				TargetAttributes = {
					FC8394C7261D42DE0093D569 = {
						CreatedOnToolsVersion = 12.3;
					};
					FC8394DD261D42E00093D569 = {
						CreatedOnToolsVersion = 12.3;
						TestTargetID = FC8394C7261D42DE0093D569;
					};
					FC8394E8261D42E00093D569 = {
						CreatedOnToolsVersion = 12.3;
						TestTargetID = FC8394C7261D42DE0093D569;
					};
				};
			};
			buildConfigurationList = FC8394C3261D42DE0093D569 /* Build configuration list for PBXProject "PersonalityQuiz" */;
			compatibilityVersion = "Xcode 9.3";
			developmentRegion = en;
			hasScannedForEncodings = 0;
			knownRegions = (
				en,
				Base,
			);
			mainGroup = FC8394BF261D42DE0093D569;
			productRefGroup = FC8394C9261D42DE0093D569 /* Products */;
			projectDirPath = "";
			projectRoot = "";
			targets = (
				FC8394C7261D42DE0093D569 /* PersonalityQuiz */,
				FC8394DD261D42E00093D569 /* PersonalityQuizTests */,
				FC8394E8261D42E00093D569 /* PersonalityQuizUITests */,
			);
		};
/* End PBXProject section */

/* Begin PBXResourcesBuildPhase section */
		FC8394C6261D42DE0093D569 /* Resources */ = {
			isa = PBXResourcesBuildPhase;
			buildActionMask = 2147483647;
			files = (
				FC8394D8261D42E00093D569 /* LaunchScreen.storyboard in Resources */,
				FC8394D5261D42E00093D569 /* Assets.xcassets in Resources */,
				FC8394D3261D42DE0093D569 /* Main.storyboard in Resources */,
			);
			runOnlyForDeploymentPostprocessing = 0;
		};
		FC8394DC261D42E00093D569 /* Resources */ = {
			isa = PBXResourcesBuildPhase;
			buildActionMask = 2147483647;
			files = (
			);
			runOnlyForDeploymentPostprocessing = 0;
		};
		FC8394E7261D42E00093D569 /* Resources */ = {
			isa = PBXResourcesBuildPhase;
			buildActionMask = 2147483647;
			files = (
			);
			runOnlyForDeploymentPostprocessing = 0;
		};
/* End PBXResourcesBuildPhase section */

/* Begin PBXSourcesBuildPhase section */
		FC8394C4261D42DE0093D569 /* Sources */ = {
			isa = PBXSourcesBuildPhase;
			buildActionMask = 2147483647;
			files = (
				FC8394D0261D42DE0093D569 /* IntroViewController.swift in Sources */,
				FC8394CC261D42DE0093D569 /* AppDelegate.swift in Sources */,
				FC8394FF261D52EA0093D569 /* QuestionViewController.swift in Sources */,
				FC83950C261D61550093D569 /* QuestionData.swift in Sources */,
				FC839504261D53980093D569 /* ResultsViewController.swift in Sources */,
				FC8394CE261D42DE0093D569 /* SceneDelegate.swift in Sources */,
			);
			runOnlyForDeploymentPostprocessing = 0;
		};
		FC8394DA261D42E00093D569 /* Sources */ = {
			isa = PBXSourcesBuildPhase;
			buildActionMask = 2147483647;
			files = (
				FC8394E3261D42E00093D569 /* PersonalityQuizTests.swift in Sources */,
			);
			runOnlyForDeploymentPostprocessing = 0;
		};
		FC8394E5261D42E00093D569 /* Sources */ = {
			isa = PBXSourcesBuildPhase;
			buildActionMask = 2147483647;
			files = (
				FC8394EE261D42E00093D569 /* PersonalityQuizUITests.swift in Sources */,
			);
			runOnlyForDeploymentPostprocessing = 0;
		};
/* End PBXSourcesBuildPhase section */

/* Begin PBXTargetDependency section */
		FC8394E0261D42E00093D569 /* PBXTargetDependency */ = {
			isa = PBXTargetDependency;
			target = FC8394C7261D42DE0093D569 /* PersonalityQuiz */;
			targetProxy = FC8394DF261D42E00093D569 /* PBXContainerItemProxy */;
		};
		FC8394EB261D42E00093D569 /* PBXTargetDependency */ = {
			isa = PBXTargetDependency;
			target = FC8394C7261D42DE0093D569 /* PersonalityQuiz */;
			targetProxy = FC8394EA261D42E00093D569 /* PBXContainerItemProxy */;
		};
/* End PBXTargetDependency section */

/* Begin PBXVariantGroup section */
		FC8394D1261D42DE0093D569 /* Main.storyboard */ = {
			isa = PBXVariantGroup;
			children = (
				FC8394D2261D42DE0093D569 /* Base */,
			);
			name = Main.storyboard;
			sourceTree = "<group>";
		};
		FC8394D6261D42E00093D569 /* LaunchScreen.storyboard */ = {
			isa = PBXVariantGroup;
			children = (
				FC8394D7261D42E00093D569 /* Base */,
			);
			name = LaunchScreen.storyboard;
			sourceTree = "<group>";
		};
/* End PBXVariantGroup section */

/* Begin XCBuildConfiguration section */
		FC8394F0261D42E00093D569 /* Debug */ = {
			isa = XCBuildConfiguration;
			buildSettings = {
				ALWAYS_SEARCH_USER_PATHS = NO;
				CLANG_ANALYZER_NONNULL = YES;
				CLANG_ANALYZER_NUMBER_OBJECT_CONVERSION = YES_AGGRESSIVE;
				CLANG_CXX_LANGUAGE_STANDARD = "gnu++14";
				CLANG_CXX_LIBRARY = "libc++";
				CLANG_ENABLE_MODULES = YES;
				CLANG_ENABLE_OBJC_ARC = YES;
				CLANG_ENABLE_OBJC_WEAK = YES;
				CLANG_WARN_BLOCK_CAPTURE_AUTORELEASING = YES;
				CLANG_WARN_BOOL_CONVERSION = YES;
				CLANG_WARN_COMMA = YES;
				CLANG_WARN_CONSTANT_CONVERSION = YES;
				CLANG_WARN_DEPRECATED_OBJC_IMPLEMENTATIONS = YES;
				CLANG_WARN_DIRECT_OBJC_ISA_USAGE = YES_ERROR;
				CLANG_WARN_DOCUMENTATION_COMMENTS = YES;
				CLANG_WARN_EMPTY_BODY = YES;
				CLANG_WARN_ENUM_CONVERSION = YES;
				CLANG_WARN_INFINITE_RECURSION = YES;
				CLANG_WARN_INT_CONVERSION = YES;
				CLANG_WARN_NON_LITERAL_NULL_CONVERSION = YES;
				CLANG_WARN_OBJC_IMPLICIT_RETAIN_SELF = YES;
				CLANG_WARN_OBJC_LITERAL_CONVERSION = YES;
				CLANG_WARN_OBJC_ROOT_CLASS = YES_ERROR;
				CLANG_WARN_QUOTED_INCLUDE_IN_FRAMEWORK_HEADER = YES;
				CLANG_WARN_RANGE_LOOP_ANALYSIS = YES;
				CLANG_WARN_STRICT_PROTOTYPES = YES;
				CLANG_WARN_SUSPICIOUS_MOVE = YES;
				CLANG_WARN_UNGUARDED_AVAILABILITY = YES_AGGRESSIVE;
				CLANG_WARN_UNREACHABLE_CODE = YES;
				CLANG_WARN__DUPLICATE_METHOD_MATCH = YES;
				COPY_PHASE_STRIP = NO;
				DEBUG_INFORMATION_FORMAT = dwarf;
				ENABLE_STRICT_OBJC_MSGSEND = YES;
				ENABLE_TESTABILITY = YES;
				GCC_C_LANGUAGE_STANDARD = gnu11;
				GCC_DYNAMIC_NO_PIC = NO;
				GCC_NO_COMMON_BLOCKS = YES;
				GCC_OPTIMIZATION_LEVEL = 0;
				GCC_PREPROCESSOR_DEFINITIONS = (
					"DEBUG=1",
					"$(inherited)",
				);
				GCC_WARN_64_TO_32_BIT_CONVERSION = YES;
				GCC_WARN_ABOUT_RETURN_TYPE = YES_ERROR;
				GCC_WARN_UNDECLARED_SELECTOR = YES;
				GCC_WARN_UNINITIALIZED_AUTOS = YES_AGGRESSIVE;
				GCC_WARN_UNUSED_FUNCTION = YES;
				GCC_WARN_UNUSED_VARIABLE = YES;
				IPHONEOS_DEPLOYMENT_TARGET = 14.3;
				MTL_ENABLE_DEBUG_INFO = INCLUDE_SOURCE;
				MTL_FAST_MATH = YES;
				ONLY_ACTIVE_ARCH = YES;
				SDKROOT = iphoneos;
				SWIFT_ACTIVE_COMPILATION_CONDITIONS = DEBUG;
				SWIFT_OPTIMIZATION_LEVEL = "-Onone";
			};
			name = Debug;
		};
		FC8394F1261D42E00093D569 /* Release */ = {
			isa = XCBuildConfiguration;
			buildSettings = {
				ALWAYS_SEARCH_USER_PATHS = NO;
				CLANG_ANALYZER_NONNULL = YES;
				CLANG_ANALYZER_NUMBER_OBJECT_CONVERSION = YES_AGGRESSIVE;
				CLANG_CXX_LANGUAGE_STANDARD = "gnu++14";
				CLANG_CXX_LIBRARY = "libc++";
				CLANG_ENABLE_MODULES = YES;
				CLANG_ENABLE_OBJC_ARC = YES;
				CLANG_ENABLE_OBJC_WEAK = YES;
				CLANG_WARN_BLOCK_CAPTURE_AUTORELEASING = YES;
				CLANG_WARN_BOOL_CONVERSION = YES;
				CLANG_WARN_COMMA = YES;
				CLANG_WARN_CONSTANT_CONVERSION = YES;
				CLANG_WARN_DEPRECATED_OBJC_IMPLEMENTATIONS = YES;
				CLANG_WARN_DIRECT_OBJC_ISA_USAGE = YES_ERROR;
				CLANG_WARN_DOCUMENTATION_COMMENTS = YES;
				CLANG_WARN_EMPTY_BODY = YES;
				CLANG_WARN_ENUM_CONVERSION = YES;
				CLANG_WARN_INFINITE_RECURSION = YES;
				CLANG_WARN_INT_CONVERSION = YES;
				CLANG_WARN_NON_LITERAL_NULL_CONVERSION = YES;
				CLANG_WARN_OBJC_IMPLICIT_RETAIN_SELF = YES;
				CLANG_WARN_OBJC_LITERAL_CONVERSION = YES;
				CLANG_WARN_OBJC_ROOT_CLASS = YES_ERROR;
				CLANG_WARN_QUOTED_INCLUDE_IN_FRAMEWORK_HEADER = YES;
				CLANG_WARN_RANGE_LOOP_ANALYSIS = YES;
				CLANG_WARN_STRICT_PROTOTYPES = YES;
				CLANG_WARN_SUSPICIOUS_MOVE = YES;
				CLANG_WARN_UNGUARDED_AVAILABILITY = YES_AGGRESSIVE;
				CLANG_WARN_UNREACHABLE_CODE = YES;
				CLANG_WARN__DUPLICATE_METHOD_MATCH = YES;
				COPY_PHASE_STRIP = NO;
				DEBUG_INFORMATION_FORMAT = "dwarf-with-dsym";
				ENABLE_NS_ASSERTIONS = NO;
				ENABLE_STRICT_OBJC_MSGSEND = YES;
				GCC_C_LANGUAGE_STANDARD = gnu11;
				GCC_NO_COMMON_BLOCKS = YES;
				GCC_WARN_64_TO_32_BIT_CONVERSION = YES;
				GCC_WARN_ABOUT_RETURN_TYPE = YES_ERROR;
				GCC_WARN_UNDECLARED_SELECTOR = YES;
				GCC_WARN_UNINITIALIZED_AUTOS = YES_AGGRESSIVE;
				GCC_WARN_UNUSED_FUNCTION = YES;
				GCC_WARN_UNUSED_VARIABLE = YES;
				IPHONEOS_DEPLOYMENT_TARGET = 14.3;
				MTL_ENABLE_DEBUG_INFO = NO;
				MTL_FAST_MATH = YES;
				SDKROOT = iphoneos;
				SWIFT_COMPILATION_MODE = wholemodule;
				SWIFT_OPTIMIZATION_LEVEL = "-O";
				VALIDATE_PRODUCT = YES;
			};
			name = Release;
		};
		FC8394F3261D42E00093D569 /* Debug */ = {
			isa = XCBuildConfiguration;
			buildSettings = {
				ASSETCATALOG_COMPILER_APPICON_NAME = AppIcon;
				ASSETCATALOG_COMPILER_GLOBAL_ACCENT_COLOR_NAME = AccentColor;
				CODE_SIGN_STYLE = Automatic;
				INFOPLIST_FILE = PersonalityQuiz/Info.plist;
				LD_RUNPATH_SEARCH_PATHS = (
					"$(inherited)",
					"@executable_path/Frameworks",
				);
				PRODUCT_BUNDLE_IDENTIFIER = com.example.PersonalityQuiz;
				PRODUCT_NAME = "$(TARGET_NAME)";
				SWIFT_VERSION = 5.0;
				TARGETED_DEVICE_FAMILY = "1,2";
			};
			name = Debug;
		};
		FC8394F4261D42E00093D569 /* Release */ = {
			isa = XCBuildConfiguration;
			buildSettings = {
				ASSETCATALOG_COMPILER_APPICON_NAME = AppIcon;
				ASSETCATALOG_COMPILER_GLOBAL_ACCENT_COLOR_NAME = AccentColor;
				CODE_SIGN_STYLE = Automatic;
				INFOPLIST_FILE = PersonalityQuiz/Info.plist;
				LD_RUNPATH_SEARCH_PATHS = (
					"$(inherited)",
					"@executable_path/Frameworks",
				);
				PRODUCT_BUNDLE_IDENTIFIER = com.example.PersonalityQuiz;
				PRODUCT_NAME = "$(TARGET_NAME)";
				SWIFT_VERSION = 5.0;
				TARGETED_DEVICE_FAMILY = "1,2";
			};
			name = Release;
		};
		FC8394F6261D42E00093D569 /* Debug */ = {
			isa = XCBuildConfiguration;
			buildSettings = {
				ALWAYS_EMBED_SWIFT_STANDARD_LIBRARIES = YES;
				BUNDLE_LOADER = "$(TEST_HOST)";
				CODE_SIGN_STYLE = Automatic;
				INFOPLIST_FILE = PersonalityQuizTests/Info.plist;
				IPHONEOS_DEPLOYMENT_TARGET = 14.3;
				LD_RUNPATH_SEARCH_PATHS = (
					"$(inherited)",
					"@executable_path/Frameworks",
					"@loader_path/Frameworks",
				);
				PRODUCT_BUNDLE_IDENTIFIER = com.example.PersonalityQuizTests;
				PRODUCT_NAME = "$(TARGET_NAME)";
				SWIFT_VERSION = 5.0;
				TARGETED_DEVICE_FAMILY = "1,2";
				TEST_HOST = "$(BUILT_PRODUCTS_DIR)/PersonalityQuiz.app/PersonalityQuiz";
			};
			name = Debug;
		};
		FC8394F7261D42E00093D569 /* Release */ = {
			isa = XCBuildConfiguration;
			buildSettings = {
				ALWAYS_EMBED_SWIFT_STANDARD_LIBRARIES = YES;
				BUNDLE_LOADER = "$(TEST_HOST)";
				CODE_SIGN_STYLE = Automatic;
				INFOPLIST_FILE = PersonalityQuizTests/Info.plist;
				IPHONEOS_DEPLOYMENT_TARGET = 14.3;
				LD_RUNPATH_SEARCH_PATHS = (
					"$(inherited)",
					"@executable_path/Frameworks",
					"@loader_path/Frameworks",
				);
				PRODUCT_BUNDLE_IDENTIFIER = com.example.PersonalityQuizTests;
				PRODUCT_NAME = "$(TARGET_NAME)";
				SWIFT_VERSION = 5.0;
				TARGETED_DEVICE_FAMILY = "1,2";
				TEST_HOST = "$(BUILT_PRODUCTS_DIR)/PersonalityQuiz.app/PersonalityQuiz";
			};
			name = Release;
		};
		FC8394F9261D42E00093D569 /* Debug */ = {
			isa = XCBuildConfiguration;
			buildSettings = {
				ALWAYS_EMBED_SWIFT_STANDARD_LIBRARIES = YES;
				CODE_SIGN_STYLE = Automatic;
				INFOPLIST_FILE = PersonalityQuizUITests/Info.plist;
				LD_RUNPATH_SEARCH_PATHS = (
					"$(inherited)",
					"@executable_path/Frameworks",
					"@loader_path/Frameworks",
				);
				PRODUCT_BUNDLE_IDENTIFIER = com.example.PersonalityQuizUITests;
				PRODUCT_NAME = "$(TARGET_NAME)";
				SWIFT_VERSION = 5.0;
				TARGETED_DEVICE_FAMILY = "1,2";
				TEST_TARGET_NAME = PersonalityQuiz;
			};
			name = Debug;
		};
		FC8394FA261D42E00093D569 /* Release */ = {
			isa = XCBuildConfiguration;
			buildSettings = {
				ALWAYS_EMBED_SWIFT_STANDARD_LIBRARIES = YES;
				CODE_SIGN_STYLE = Automatic;
				INFOPLIST_FILE = PersonalityQuizUITests/Info.plist;
				LD_RUNPATH_SEARCH_PATHS = (
					"$(inherited)",
					"@executable_path/Frameworks",
					"@loader_path/Frameworks",
				);
				PRODUCT_BUNDLE_IDENTIFIER = com.example.PersonalityQuizUITests;
				PRODUCT_NAME = "$(TARGET_NAME)";
				SWIFT_VERSION = 5.0;
				TARGETED_DEVICE_FAMILY = "1,2";
				TEST_TARGET_NAME = PersonalityQuiz;
			};
			name = Release;
		};
/* End XCBuildConfiguration section */

/* Begin XCConfigurationList section */
		FC8394C3261D42DE0093D569 /* Build configuration list for PBXProject "PersonalityQuiz" */ = {
			isa = XCConfigurationList;
			buildConfigurations = (
				FC8394F0261D42E00093D569 /* Debug */,
				FC8394F1261D42E00093D569 /* Release */,
			);
			defaultConfigurationIsVisible = 0;
			defaultConfigurationName = Release;
		};
		FC8394F2261D42E00093D569 /* Build configuration list for PBXNativeTarget "PersonalityQuiz" */ = {
			isa = XCConfigurationList;
			buildConfigurations = (
				FC8394F3261D42E00093D569 /* Debug */,
				FC8394F4261D42E00093D569 /* Release */,
			);
			defaultConfigurationIsVisible = 0;
			defaultConfigurationName = Release;
		};
		FC8394F5261D42E00093D569 /* Build configuration list for PBXNativeTarget "PersonalityQuizTests" */ = {
			isa = XCConfigurationList;
			buildConfigurations = (
				FC8394F6261D42E00093D569 /* Debug */,
				FC8394F7261D42E00093D569 /* Release */,
			);
			defaultConfigurationIsVisible = 0;
			defaultConfigurationName = Release;
		};
		FC8394F8261D42E00093D569 /* Build configuration list for PBXNativeTarget "PersonalityQuizUITests" */ = {
			isa = XCConfigurationList;
			buildConfigurations = (
				FC8394F9261D42E00093D569 /* Debug */,
				FC8394FA261D42E00093D569 /* Release */,
			);
			defaultConfigurationIsVisible = 0;
			defaultConfigurationName = Release;
		};
/* End XCConfigurationList section */
	};
	rootObject = FC8394C0261D42DE0093D569 /* Project object */;
}
