// !$*UTF8*$!
{
	archiveVersion = 1;
	classes = {
	};
	objectVersion = 50;
	objects = {

/* Begin PBXBuildFile section */
		FCA8F94A263C8A110067F389 /* AppDelegate.swift in Sources */ = {isa = PBXBuildFile; fileRef = FCA8F949263C8A110067F389 /* AppDelegate.swift */; };
		FCA8F94C263C8A110067F389 /* SceneDelegate.swift in Sources */ = {isa = PBXBuildFile; fileRef = FCA8F94B263C8A110067F389 /* SceneDelegate.swift */; };
		FCA8F94E263C8A110067F389 /* ViewController.swift in Sources */ = {isa = PBXBuildFile; fileRef = FCA8F94D263C8A110067F389 /* ViewController.swift */; };
		FCA8F951263C8A110067F389 /* Main.storyboard in Resources */ = {isa = PBXBuildFile; fileRef = FCA8F94F263C8A110067F389 /* Main.storyboard */; };
		FCA8F953263C8A120067F389 /* Assets.xcassets in Resources */ = {isa = PBXBuildFile; fileRef = FCA8F952263C8A120067F389 /* Assets.xcassets */; };
		FCA8F956263C8A120067F389 /* LaunchScreen.storyboard in Resources */ = {isa = PBXBuildFile; fileRef = FCA8F954263C8A120067F389 /* LaunchScreen.storyboard */; };
		FCA8F961263C8A120067F389 /* LightProjectTests.swift in Sources */ = {isa = PBXBuildFile; fileRef = FCA8F960263C8A120067F389 /* LightProjectTests.swift */; };
		FCA8F96C263C8A120067F389 /* LightProjectUITests.swift in Sources */ = {isa = PBXBuildFile; fileRef = FCA8F96B263C8A120067F389 /* LightProjectUITests.swift */; };
/* End PBXBuildFile section */

/* Begin PBXContainerItemProxy section */
		FCA8F95D263C8A120067F389 /* PBXContainerItemProxy */ = {
			isa = PBXContainerItemProxy;
			containerPortal = FCA8F93E263C8A100067F389 /* Project object */;
			proxyType = 1;
			remoteGlobalIDString = FCA8F945263C8A100067F389;
			remoteInfo = LightProject;
		};
		FCA8F968263C8A120067F389 /* PBXContainerItemProxy */ = {
			isa = PBXContainerItemProxy;
			containerPortal = FCA8F93E263C8A100067F389 /* Project object */;
			proxyType = 1;
			remoteGlobalIDString = FCA8F945263C8A100067F389;
			remoteInfo = LightProject;
		};
/* End PBXContainerItemProxy section */

/* Begin PBXFileReference section */
		FCA8F946263C8A100067F389 /* LightProject.app */ = {isa = PBXFileReference; explicitFileType = wrapper.application; includeInIndex = 0; path = LightProject.app; sourceTree = BUILT_PRODUCTS_DIR; };
		FCA8F949263C8A110067F389 /* AppDelegate.swift */ = {isa = PBXFileReference; lastKnownFileType = sourcecode.swift; path = AppDelegate.swift; sourceTree = "<group>"; };
		FCA8F94B263C8A110067F389 /* SceneDelegate.swift */ = {isa = PBXFileReference; lastKnownFileType = sourcecode.swift; path = SceneDelegate.swift; sourceTree = "<group>"; };
		FCA8F94D263C8A110067F389 /* ViewController.swift */ = {isa = PBXFileReference; lastKnownFileType = sourcecode.swift; path = ViewController.swift; sourceTree = "<group>"; };
		FCA8F950263C8A110067F389 /* Base */ = {isa = PBXFileReference; lastKnownFileType = file.storyboard; name = Base; path = Base.lproj/Main.storyboard; sourceTree = "<group>"; };
		FCA8F952263C8A120067F389 /* Assets.xcassets */ = {isa = PBXFileReference; lastKnownFileType = folder.assetcatalog; path = Assets.xcassets; sourceTree = "<group>"; };
		FCA8F955263C8A120067F389 /* Base */ = {isa = PBXFileReference; lastKnownFileType = file.storyboard; name = Base; path = Base.lproj/LaunchScreen.storyboard; sourceTree = "<group>"; };
		FCA8F957263C8A120067F389 /* Info.plist */ = {isa = PBXFileReference; lastKnownFileType = text.plist.xml; path = Info.plist; sourceTree = "<group>"; };
		FCA8F95C263C8A120067F389 /* LightProjectTests.xctest */ = {isa = PBXFileReference; explicitFileType = wrapper.cfbundle; includeInIndex = 0; path = LightProjectTests.xctest; sourceTree = BUILT_PRODUCTS_DIR; };
		FCA8F960263C8A120067F389 /* LightProjectTests.swift */ = {isa = PBXFileReference; lastKnownFileType = sourcecode.swift; path = LightProjectTests.swift; sourceTree = "<group>"; };
		FCA8F962263C8A120067F389 /* Info.plist */ = {isa = PBXFileReference; lastKnownFileType = text.plist.xml; path = Info.plist; sourceTree = "<group>"; };
		FCA8F967263C8A120067F389 /* LightProjectUITests.xctest */ = {isa = PBXFileReference; explicitFileType = wrapper.cfbundle; includeInIndex = 0; path = LightProjectUITests.xctest; sourceTree = BUILT_PRODUCTS_DIR; };
		FCA8F96B263C8A120067F389 /* LightProjectUITests.swift */ = {isa = PBXFileReference; lastKnownFileType = sourcecode.swift; path = LightProjectUITests.swift; sourceTree = "<group>"; };
		FCA8F96D263C8A120067F389 /* Info.plist */ = {isa = PBXFileReference; lastKnownFileType = text.plist.xml; path = Info.plist; sourceTree = "<group>"; };
/* End PBXFileReference section */

/* Begin PBXFrameworksBuildPhase section */
		FCA8F943263C8A100067F389 /* Frameworks */ = {
			isa = PBXFrameworksBuildPhase;
			buildActionMask = 2147483647;
			files = (
			);
			runOnlyForDeploymentPostprocessing = 0;
		};
		FCA8F959263C8A120067F389 /* Frameworks */ = {
			isa = PBXFrameworksBuildPhase;
			buildActionMask = 2147483647;
			files = (
			);
			runOnlyForDeploymentPostprocessing = 0;
		};
		FCA8F964263C8A120067F389 /* Frameworks */ = {
			isa = PBXFrameworksBuildPhase;
			buildActionMask = 2147483647;
			files = (
			);
			runOnlyForDeploymentPostprocessing = 0;
		};
/* End PBXFrameworksBuildPhase section */

/* Begin PBXGroup section */
		FCA8F93D263C8A100067F389 = {
			isa = PBXGroup;
			children = (
				FCA8F948263C8A100067F389 /* LightProject */,
				FCA8F95F263C8A120067F389 /* LightProjectTests */,
				FCA8F96A263C8A120067F389 /* LightProjectUITests */,
				FCA8F947263C8A100067F389 /* Products */,
			);
			sourceTree = "<group>";
		};
		FCA8F947263C8A100067F389 /* Products */ = {
			isa = PBXGroup;
			children = (
				FCA8F946263C8A100067F389 /* LightProject.app */,
				FCA8F95C263C8A120067F389 /* LightProjectTests.xctest */,
				FCA8F967263C8A120067F389 /* LightProjectUITests.xctest */,
			);
			name = Products;
			sourceTree = "<group>";
		};
		FCA8F948263C8A100067F389 /* LightProject */ = {
			isa = PBXGroup;
			children = (
				FCA8F949263C8A110067F389 /* AppDelegate.swift */,
				FCA8F94B263C8A110067F389 /* SceneDelegate.swift */,
				FCA8F94D263C8A110067F389 /* ViewController.swift */,
				FCA8F94F263C8A110067F389 /* Main.storyboard */,
				FCA8F952263C8A120067F389 /* Assets.xcassets */,
				FCA8F954263C8A120067F389 /* LaunchScreen.storyboard */,
				FCA8F957263C8A120067F389 /* Info.plist */,
			);
			path = LightProject;
			sourceTree = "<group>";
		};
		FCA8F95F263C8A120067F389 /* LightProjectTests */ = {
			isa = PBXGroup;
			children = (
				FCA8F960263C8A120067F389 /* LightProjectTests.swift */,
				FCA8F962263C8A120067F389 /* Info.plist */,
			);
			path = LightProjectTests;
			sourceTree = "<group>";
		};
		FCA8F96A263C8A120067F389 /* LightProjectUITests */ = {
			isa = PBXGroup;
			children = (
				FCA8F96B263C8A120067F389 /* LightProjectUITests.swift */,
				FCA8F96D263C8A120067F389 /* Info.plist */,
			);
			path = LightProjectUITests;
			sourceTree = "<group>";
		};
/* End PBXGroup section */

/* Begin PBXNativeTarget section */
		FCA8F945263C8A100067F389 /* LightProject */ = {
			isa = PBXNativeTarget;
			buildConfigurationList = FCA8F970263C8A120067F389 /* Build configuration list for PBXNativeTarget "LightProject" */;
			buildPhases = (
				FCA8F942263C8A100067F389 /* Sources */,
				FCA8F943263C8A100067F389 /* Frameworks */,
				FCA8F944263C8A100067F389 /* Resources */,
			);
			buildRules = (
			);
			dependencies = (
			);
			name = LightProject;
			productName = LightProject;
			productReference = FCA8F946263C8A100067F389 /* LightProject.app */;
			productType = "com.apple.product-type.application";
		};
		FCA8F95B263C8A120067F389 /* LightProjectTests */ = {
			isa = PBXNativeTarget;
			buildConfigurationList = FCA8F973263C8A120067F389 /* Build configuration list for PBXNativeTarget "LightProjectTests" */;
			buildPhases = (
				FCA8F958263C8A120067F389 /* Sources */,
				FCA8F959263C8A120067F389 /* Frameworks */,
				FCA8F95A263C8A120067F389 /* Resources */,
			);
			buildRules = (
			);
			dependencies = (
				FCA8F95E263C8A120067F389 /* PBXTargetDependency */,
			);
			name = LightProjectTests;
			productName = LightProjectTests;
			productReference = FCA8F95C263C8A120067F389 /* LightProjectTests.xctest */;
			productType = "com.apple.product-type.bundle.unit-test";
		};
		FCA8F966263C8A120067F389 /* LightProjectUITests */ = {
			isa = PBXNativeTarget;
			buildConfigurationList = FCA8F976263C8A120067F389 /* Build configuration list for PBXNativeTarget "LightProjectUITests" */;
			buildPhases = (
				FCA8F963263C8A120067F389 /* Sources */,
				FCA8F964263C8A120067F389 /* Frameworks */,
				FCA8F965263C8A120067F389 /* Resources */,
			);
			buildRules = (
			);
			dependencies = (
				FCA8F969263C8A120067F389 /* PBXTargetDependency */,
			);
			name = LightProjectUITests;
			productName = LightProjectUITests;
			productReference = FCA8F967263C8A120067F389 /* LightProjectUITests.xctest */;
			productType = "com.apple.product-type.bundle.ui-testing";
		};
/* End PBXNativeTarget section */

/* Begin PBXProject section */
		FCA8F93E263C8A100067F389 /* Project object */ = {
			isa = PBXProject;
			attributes = {
				LastSwiftUpdateCheck = 1230;
				LastUpgradeCheck = 1230;
				TargetAttributes = {
					FCA8F945263C8A100067F389 = {
						CreatedOnToolsVersion = 12.3;
					};
					FCA8F95B263C8A120067F389 = {
						CreatedOnToolsVersion = 12.3;
						TestTargetID = FCA8F945263C8A100067F389;
					};
					FCA8F966263C8A120067F389 = {
						CreatedOnToolsVersion = 12.3;
						TestTargetID = FCA8F945263C8A100067F389;
					};
				};
			};
			buildConfigurationList = FCA8F941263C8A100067F389 /* Build configuration list for PBXProject "LightProject" */;
			compatibilityVersion = "Xcode 9.3";
			developmentRegion = en;
			hasScannedForEncodings = 0;
			knownRegions = (
				en,
				Base,
			);
			mainGroup = FCA8F93D263C8A100067F389;
			productRefGroup = FCA8F947263C8A100067F389 /* Products */;
			projectDirPath = "";
			projectRoot = "";
			targets = (
				FCA8F945263C8A100067F389 /* LightProject */,
				FCA8F95B263C8A120067F389 /* LightProjectTests */,
				FCA8F966263C8A120067F389 /* LightProjectUITests */,
			);
		};
/* End PBXProject section */

/* Begin PBXResourcesBuildPhase section */
		FCA8F944263C8A100067F389 /* Resources */ = {
			isa = PBXResourcesBuildPhase;
			buildActionMask = 2147483647;
			files = (
				FCA8F956263C8A120067F389 /* LaunchScreen.storyboard in Resources */,
				FCA8F953263C8A120067F389 /* Assets.xcassets in Resources */,
				FCA8F951263C8A110067F389 /* Main.storyboard in Resources */,
			);
			runOnlyForDeploymentPostprocessing = 0;
		};
		FCA8F95A263C8A120067F389 /* Resources */ = {
			isa = PBXResourcesBuildPhase;
			buildActionMask = 2147483647;
			files = (
			);
			runOnlyForDeploymentPostprocessing = 0;
		};
		FCA8F965263C8A120067F389 /* Resources */ = {
			isa = PBXResourcesBuildPhase;
			buildActionMask = 2147483647;
			files = (
			);
			runOnlyForDeploymentPostprocessing = 0;
		};
/* End PBXResourcesBuildPhase section */

/* Begin PBXSourcesBuildPhase section */
		FCA8F942263C8A100067F389 /* Sources */ = {
			isa = PBXSourcesBuildPhase;
			buildActionMask = 2147483647;
			files = (
				FCA8F94E263C8A110067F389 /* ViewController.swift in Sources */,
				FCA8F94A263C8A110067F389 /* AppDelegate.swift in Sources */,
				FCA8F94C263C8A110067F389 /* SceneDelegate.swift in Sources */,
			);
			runOnlyForDeploymentPostprocessing = 0;
		};
		FCA8F958263C8A120067F389 /* Sources */ = {
			isa = PBXSourcesBuildPhase;
			buildActionMask = 2147483647;
			files = (
				FCA8F961263C8A120067F389 /* LightProjectTests.swift in Sources */,
			);
			runOnlyForDeploymentPostprocessing = 0;
		};
		FCA8F963263C8A120067F389 /* Sources */ = {
			isa = PBXSourcesBuildPhase;
			buildActionMask = 2147483647;
			files = (
				FCA8F96C263C8A120067F389 /* LightProjectUITests.swift in Sources */,
			);
			runOnlyForDeploymentPostprocessing = 0;
		};
/* End PBXSourcesBuildPhase section */

/* Begin PBXTargetDependency section */
		FCA8F95E263C8A120067F389 /* PBXTargetDependency */ = {
			isa = PBXTargetDependency;
			target = FCA8F945263C8A100067F389 /* LightProject */;
			targetProxy = FCA8F95D263C8A120067F389 /* PBXContainerItemProxy */;
		};
		FCA8F969263C8A120067F389 /* PBXTargetDependency */ = {
			isa = PBXTargetDependency;
			target = FCA8F945263C8A100067F389 /* LightProject */;
			targetProxy = FCA8F968263C8A120067F389 /* PBXContainerItemProxy */;
		};
/* End PBXTargetDependency section */

/* Begin PBXVariantGroup section */
		FCA8F94F263C8A110067F389 /* Main.storyboard */ = {
			isa = PBXVariantGroup;
			children = (
				FCA8F950263C8A110067F389 /* Base */,
			);
			name = Main.storyboard;
			sourceTree = "<group>";
		};
		FCA8F954263C8A120067F389 /* LaunchScreen.storyboard */ = {
			isa = PBXVariantGroup;
			children = (
				FCA8F955263C8A120067F389 /* Base */,
			);
			name = LaunchScreen.storyboard;
			sourceTree = "<group>";
		};
/* End PBXVariantGroup section */

/* Begin XCBuildConfiguration section */
		FCA8F96E263C8A120067F389 /* Debug */ = {
			isa = XCBuildConfiguration;
			buildSettings = {
				ALWAYS_SEARCH_USER_PATHS = NO;
				CLANG_ANALYZER_NONNULL = YES;
				CLANG_ANALYZER_NUMBER_OBJECT_CONVERSION = YES_AGGRESSIVE;
				CLANG_CXX_LANGUAGE_STANDARD = "gnu++14";
				CLANG_CXX_LIBRARY = "libc++";
				CLANG_ENABLE_MODULES = YES;
				CLANG_ENABLE_OBJC_ARC = YES;
				CLANG_ENABLE_OBJC_WEAK = YES;
				CLANG_WARN_BLOCK_CAPTURE_AUTORELEASING = YES;
				CLANG_WARN_BOOL_CONVERSION = YES;
				CLANG_WARN_COMMA = YES;
				CLANG_WARN_CONSTANT_CONVERSION = YES;
				CLANG_WARN_DEPRECATED_OBJC_IMPLEMENTATIONS = YES;
				CLANG_WARN_DIRECT_OBJC_ISA_USAGE = YES_ERROR;
				CLANG_WARN_DOCUMENTATION_COMMENTS = YES;
				CLANG_WARN_EMPTY_BODY = YES;
				CLANG_WARN_ENUM_CONVERSION = YES;
				CLANG_WARN_INFINITE_RECURSION = YES;
				CLANG_WARN_INT_CONVERSION = YES;
				CLANG_WARN_NON_LITERAL_NULL_CONVERSION = YES;
				CLANG_WARN_OBJC_IMPLICIT_RETAIN_SELF = YES;
				CLANG_WARN_OBJC_LITERAL_CONVERSION = YES;
				CLANG_WARN_OBJC_ROOT_CLASS = YES_ERROR;
				CLANG_WARN_QUOTED_INCLUDE_IN_FRAMEWORK_HEADER = YES;
				CLANG_WARN_RANGE_LOOP_ANALYSIS = YES;
				CLANG_WARN_STRICT_PROTOTYPES = YES;
				CLANG_WARN_SUSPICIOUS_MOVE = YES;
				CLANG_WARN_UNGUARDED_AVAILABILITY = YES_AGGRESSIVE;
				CLANG_WARN_UNREACHABLE_CODE = YES;
				CLANG_WARN__DUPLICATE_METHOD_MATCH = YES;
				COPY_PHASE_STRIP = NO;
				DEBUG_INFORMATION_FORMAT = dwarf;
				ENABLE_STRICT_OBJC_MSGSEND = YES;
				ENABLE_TESTABILITY = YES;
				GCC_C_LANGUAGE_STANDARD = gnu11;
				GCC_DYNAMIC_NO_PIC = NO;
				GCC_NO_COMMON_BLOCKS = YES;
				GCC_OPTIMIZATION_LEVEL = 0;
				GCC_PREPROCESSOR_DEFINITIONS = (
					"DEBUG=1",
					"$(inherited)",
				);
				GCC_WARN_64_TO_32_BIT_CONVERSION = YES;
				GCC_WARN_ABOUT_RETURN_TYPE = YES_ERROR;
				GCC_WARN_UNDECLARED_SELECTOR = YES;
				GCC_WARN_UNINITIALIZED_AUTOS = YES_AGGRESSIVE;
				GCC_WARN_UNUSED_FUNCTION = YES;
				GCC_WARN_UNUSED_VARIABLE = YES;
				IPHONEOS_DEPLOYMENT_TARGET = 14.3;
				MTL_ENABLE_DEBUG_INFO = INCLUDE_SOURCE;
				MTL_FAST_MATH = YES;
				ONLY_ACTIVE_ARCH = YES;
				SDKROOT = iphoneos;
				SWIFT_ACTIVE_COMPILATION_CONDITIONS = DEBUG;
				SWIFT_OPTIMIZATION_LEVEL = "-Onone";
			};
			name = Debug;
		};
		FCA8F96F263C8A120067F389 /* Release */ = {
			isa = XCBuildConfiguration;
			buildSettings = {
				ALWAYS_SEARCH_USER_PATHS = NO;
				CLANG_ANALYZER_NONNULL = YES;
				CLANG_ANALYZER_NUMBER_OBJECT_CONVERSION = YES_AGGRESSIVE;
				CLANG_CXX_LANGUAGE_STANDARD = "gnu++14";
				CLANG_CXX_LIBRARY = "libc++";
				CLANG_ENABLE_MODULES = YES;
				CLANG_ENABLE_OBJC_ARC = YES;
				CLANG_ENABLE_OBJC_WEAK = YES;
				CLANG_WARN_BLOCK_CAPTURE_AUTORELEASING = YES;
				CLANG_WARN_BOOL_CONVERSION = YES;
				CLANG_WARN_COMMA = YES;
				CLANG_WARN_CONSTANT_CONVERSION = YES;
				CLANG_WARN_DEPRECATED_OBJC_IMPLEMENTATIONS = YES;
				CLANG_WARN_DIRECT_OBJC_ISA_USAGE = YES_ERROR;
				CLANG_WARN_DOCUMENTATION_COMMENTS = YES;
				CLANG_WARN_EMPTY_BODY = YES;
				CLANG_WARN_ENUM_CONVERSION = YES;
				CLANG_WARN_INFINITE_RECURSION = YES;
				CLANG_WARN_INT_CONVERSION = YES;
				CLANG_WARN_NON_LITERAL_NULL_CONVERSION = YES;
				CLANG_WARN_OBJC_IMPLICIT_RETAIN_SELF = YES;
				CLANG_WARN_OBJC_LITERAL_CONVERSION = YES;
				CLANG_WARN_OBJC_ROOT_CLASS = YES_ERROR;
				CLANG_WARN_QUOTED_INCLUDE_IN_FRAMEWORK_HEADER = YES;
				CLANG_WARN_RANGE_LOOP_ANALYSIS = YES;
				CLANG_WARN_STRICT_PROTOTYPES = YES;
				CLANG_WARN_SUSPICIOUS_MOVE = YES;
				CLANG_WARN_UNGUARDED_AVAILABILITY = YES_AGGRESSIVE;
				CLANG_WARN_UNREACHABLE_CODE = YES;
				CLANG_WARN__DUPLICATE_METHOD_MATCH = YES;
				COPY_PHASE_STRIP = NO;
				DEBUG_INFORMATION_FORMAT = "dwarf-with-dsym";
				ENABLE_NS_ASSERTIONS = NO;
				ENABLE_STRICT_OBJC_MSGSEND = YES;
				GCC_C_LANGUAGE_STANDARD = gnu11;
				GCC_NO_COMMON_BLOCKS = YES;
				GCC_WARN_64_TO_32_BIT_CONVERSION = YES;
				GCC_WARN_ABOUT_RETURN_TYPE = YES_ERROR;
				GCC_WARN_UNDECLARED_SELECTOR = YES;
				GCC_WARN_UNINITIALIZED_AUTOS = YES_AGGRESSIVE;
				GCC_WARN_UNUSED_FUNCTION = YES;
				GCC_WARN_UNUSED_VARIABLE = YES;
				IPHONEOS_DEPLOYMENT_TARGET = 14.3;
				MTL_ENABLE_DEBUG_INFO = NO;
				MTL_FAST_MATH = YES;
				SDKROOT = iphoneos;
				SWIFT_COMPILATION_MODE = wholemodule;
				SWIFT_OPTIMIZATION_LEVEL = "-O";
				VALIDATE_PRODUCT = YES;
			};
			name = Release;
		};
		FCA8F971263C8A120067F389 /* Debug */ = {
			isa = XCBuildConfiguration;
			buildSettings = {
				ASSETCATALOG_COMPILER_APPICON_NAME = AppIcon;
				ASSETCATALOG_COMPILER_GLOBAL_ACCENT_COLOR_NAME = AccentColor;
				CODE_SIGN_STYLE = Automatic;
				INFOPLIST_FILE = LightProject/Info.plist;
				LD_RUNPATH_SEARCH_PATHS = (
					"$(inherited)",
					"@executable_path/Frameworks",
				);
				PRODUCT_BUNDLE_IDENTIFIER = com.example.LightProject;
				PRODUCT_NAME = "$(TARGET_NAME)";
				SWIFT_VERSION = 5.0;
				TARGETED_DEVICE_FAMILY = "1,2";
			};
			name = Debug;
		};
		FCA8F972263C8A120067F389 /* Release */ = {
			isa = XCBuildConfiguration;
			buildSettings = {
				ASSETCATALOG_COMPILER_APPICON_NAME = AppIcon;
				ASSETCATALOG_COMPILER_GLOBAL_ACCENT_COLOR_NAME = AccentColor;
				CODE_SIGN_STYLE = Automatic;
				INFOPLIST_FILE = LightProject/Info.plist;
				LD_RUNPATH_SEARCH_PATHS = (
					"$(inherited)",
					"@executable_path/Frameworks",
				);
				PRODUCT_BUNDLE_IDENTIFIER = com.example.LightProject;
				PRODUCT_NAME = "$(TARGET_NAME)";
				SWIFT_VERSION = 5.0;
				TARGETED_DEVICE_FAMILY = "1,2";
			};
			name = Release;
		};
		FCA8F974263C8A120067F389 /* Debug */ = {
			isa = XCBuildConfiguration;
			buildSettings = {
				ALWAYS_EMBED_SWIFT_STANDARD_LIBRARIES = YES;
				BUNDLE_LOADER = "$(TEST_HOST)";
				CODE_SIGN_STYLE = Automatic;
				INFOPLIST_FILE = LightProjectTests/Info.plist;
				IPHONEOS_DEPLOYMENT_TARGET = 14.3;
				LD_RUNPATH_SEARCH_PATHS = (
					"$(inherited)",
					"@executable_path/Frameworks",
					"@loader_path/Frameworks",
				);
				PRODUCT_BUNDLE_IDENTIFIER = com.example.LightProjectTests;
				PRODUCT_NAME = "$(TARGET_NAME)";
				SWIFT_VERSION = 5.0;
				TARGETED_DEVICE_FAMILY = "1,2";
				TEST_HOST = "$(BUILT_PRODUCTS_DIR)/LightProject.app/LightProject";
			};
			name = Debug;
		};
		FCA8F975263C8A120067F389 /* Release */ = {
			isa = XCBuildConfiguration;
			buildSettings = {
				ALWAYS_EMBED_SWIFT_STANDARD_LIBRARIES = YES;
				BUNDLE_LOADER = "$(TEST_HOST)";
				CODE_SIGN_STYLE = Automatic;
				INFOPLIST_FILE = LightProjectTests/Info.plist;
				IPHONEOS_DEPLOYMENT_TARGET = 14.3;
				LD_RUNPATH_SEARCH_PATHS = (
					"$(inherited)",
					"@executable_path/Frameworks",
					"@loader_path/Frameworks",
				);
				PRODUCT_BUNDLE_IDENTIFIER = com.example.LightProjectTests;
				PRODUCT_NAME = "$(TARGET_NAME)";
				SWIFT_VERSION = 5.0;
				TARGETED_DEVICE_FAMILY = "1,2";
				TEST_HOST = "$(BUILT_PRODUCTS_DIR)/LightProject.app/LightProject";
			};
			name = Release;
		};
		FCA8F977263C8A120067F389 /* Debug */ = {
			isa = XCBuildConfiguration;
			buildSettings = {
				ALWAYS_EMBED_SWIFT_STANDARD_LIBRARIES = YES;
				CODE_SIGN_STYLE = Automatic;
				INFOPLIST_FILE = LightProjectUITests/Info.plist;
				LD_RUNPATH_SEARCH_PATHS = (
					"$(inherited)",
					"@executable_path/Frameworks",
					"@loader_path/Frameworks",
				);
				PRODUCT_BUNDLE_IDENTIFIER = com.example.LightProjectUITests;
				PRODUCT_NAME = "$(TARGET_NAME)";
				SWIFT_VERSION = 5.0;
				TARGETED_DEVICE_FAMILY = "1,2";
				TEST_TARGET_NAME = LightProject;
			};
			name = Debug;
		};
		FCA8F978263C8A120067F389 /* Release */ = {
			isa = XCBuildConfiguration;
			buildSettings = {
				ALWAYS_EMBED_SWIFT_STANDARD_LIBRARIES = YES;
				CODE_SIGN_STYLE = Automatic;
				INFOPLIST_FILE = LightProjectUITests/Info.plist;
				LD_RUNPATH_SEARCH_PATHS = (
					"$(inherited)",
					"@executable_path/Frameworks",
					"@loader_path/Frameworks",
				);
				PRODUCT_BUNDLE_IDENTIFIER = com.example.LightProjectUITests;
				PRODUCT_NAME = "$(TARGET_NAME)";
				SWIFT_VERSION = 5.0;
				TARGETED_DEVICE_FAMILY = "1,2";
				TEST_TARGET_NAME = LightProject;
			};
			name = Release;
		};
/* End XCBuildConfiguration section */

/* Begin XCConfigurationList section */
		FCA8F941263C8A100067F389 /* Build configuration list for PBXProject "LightProject" */ = {
			isa = XCConfigurationList;
			buildConfigurations = (
				FCA8F96E263C8A120067F389 /* Debug */,
				FCA8F96F263C8A120067F389 /* Release */,
			);
			defaultConfigurationIsVisible = 0;
			defaultConfigurationName = Release;
		};
		FCA8F970263C8A120067F389 /* Build configuration list for PBXNativeTarget "LightProject" */ = {
			isa = XCConfigurationList;
			buildConfigurations = (
				FCA8F971263C8A120067F389 /* Debug */,
				FCA8F972263C8A120067F389 /* Release */,
			);
			defaultConfigurationIsVisible = 0;
			defaultConfigurationName = Release;
		};
		FCA8F973263C8A120067F389 /* Build configuration list for PBXNativeTarget "LightProjectTests" */ = {
			isa = XCConfigurationList;
			buildConfigurations = (
				FCA8F974263C8A120067F389 /* Debug */,
				FCA8F975263C8A120067F389 /* Release */,
			);
			defaultConfigurationIsVisible = 0;
			defaultConfigurationName = Release;
		};
		FCA8F976263C8A120067F389 /* Build configuration list for PBXNativeTarget "LightProjectUITests" */ = {
			isa = XCConfigurationList;
			buildConfigurations = (
				FCA8F977263C8A120067F389 /* Debug */,
				FCA8F978263C8A120067F389 /* Release */,
			);
			defaultConfigurationIsVisible = 0;
			defaultConfigurationName = Release;
		};
/* End XCConfigurationList section */
	};
	rootObject = FCA8F93E263C8A100067F389 /* Project object */;
}
